{
  "nodes": {
    "home-manager": {
      "inputs": {
        "nixpkgs": [
          "nixpkgs"
        ]
      },
      "locked": {
        "lastModified": 1784129366,
        "narHash": "sha256-N5JiyICSeQF14x+OQebNyPpYowOT9Rs1iKyeCylSzOA=",
        "owner": "nix-community",
        "repo": "home-manager",
        "rev": "165228b0efefc3e635e5174020c40ea64271dc25",
        "type": "github"
      },
      "original": {
        "owner": "nix-community",
        "repo": "home-manager",
        "type": "github"
      }
    },
    "nixpkgs": {
      "locked": {
        "lastModified": 1784007870,
        "narHash": "sha256-djcLt/JJphyNt4eDY9XTly+/WbCK5lqWq9lSgCmJkkQ=",
        "owner": "nixos",
        "repo": "nixpkgs",
        "rev": "18b9261cb3294b6d2a06d03f96872827b8fe2698",
        "type": "github"
      },
      "original": {
        "owner": "nixos",
        "ref": "nixos-unstable",
        "repo": "nixpkgs",
        "type": "github"
      }
    },
    "nixpkgs-neovim": {
      "locked": {
        "lastModified": 1748124733,
        "narHash": "sha256-y7OLqUkEb0Leg/eZCO5/AQh1u5byAnMEj13OMIJ6Uqo=",
        "owner": "nixos",
        "repo": "nixpkgs",
        "rev": "4684fd6b0c01e4b7d99027a34c93c2e09ecafee2",
        "type": "github"
      },
      "original": {
        "owner": "nixos",
        "repo": "nixpkgs",
        "rev": "4684fd6b0c01e4b7d99027a34c93c2e09ecafee2",
        "type": "github"
      }
    },
    "root": {
      "inputs": {
        "home-manager": "home-manager",
        "nixpkgs": "nixpkgs",
        "nixpkgs-neovim": "nixpkgs-neovim"
      }
    }
  },
  "root": "root",
  "version": 7
}
